// !$*UTF8*$!
{
	archiveVersion = 1;
	classes = {
	};
	objectVersion = 46;
	objects = {

/* Begin PBXBuildFile section */
		85CA59B11F74253B00434A1E /* AppDelegate.swift in Sources */ = {isa = PBXBuildFile; fileRef = 85CA59B01F74253B00434A1E /* AppDelegate.swift */; };
		85CA59B31F74253B00434A1E /* ViewController.swift in Sources */ = {isa = PBXBuildFile; fileRef = 85CA59B21F74253B00434A1E /* ViewController.swift */; };
		85CA59B61F74253B00434A1E /* Main.storyboard in Resources */ = {isa = PBXBuildFile; fileRef = 85CA59B41F74253B00434A1E /* Main.storyboard */; };
		85CA59B81F74253B00434A1E /* Assets.xcassets in Resources */ = {isa = PBXBuildFile; fileRef = 85CA59B71F74253B00434A1E /* Assets.xcassets */; };
		85CA59BB1F74253B00434A1E /* LaunchScreen.storyboard in Resources */ = {isa = PBXBuildFile; fileRef = 85CA59B91F74253B00434A1E /* LaunchScreen.storyboard */; };
/* End PBXBuildFile section */

/* Begin PBXFileReference section */
		85CA59AD1F74253B00434A1E /* MAPD714-F2017-AMANDEEPSEKHON-ASSIGNMENT1-CALCULATORAPP.app */ = {isa = PBXFileReference; explicitFileType = wrapper.application; includeInIndex = 0; path = "MAPD714-F2017-AMANDEEPSEKHON-ASSIGNMENT1-CALCULATORAPP.app"; sourceTree = BUILT_PRODUCTS_DIR; };
		85CA59B01F74253B00434A1E /* AppDelegate.swift */ = {isa = PBXFileReference; lastKnownFileType = sourcecode.swift; path = AppDelegate.swift; sourceTree = "<group>"; };
		85CA59B21F74253B00434A1E /* ViewController.swift */ = {isa = PBXFileReference; lastKnownFileType = sourcecode.swift; path = ViewController.swift; sourceTree = "<group>"; };
		85CA59B51F74253B00434A1E /* Base */ = {isa = PBXFileReference; lastKnownFileType = file.storyboard; name = Base; path = Base.lproj/Main.storyboard; sourceTree = "<group>"; };
		85CA59B71F74253B00434A1E /* Assets.xcassets */ = {isa = PBXFileReference; lastKnownFileType = folder.assetcatalog; path = Assets.xcassets; sourceTree = "<group>"; };
		85CA59BA1F74253B00434A1E /* Base */ = {isa = PBXFileReference; lastKnownFileType = file.storyboard; name = Base; path = Base.lproj/LaunchScreen.storyboard; sourceTree = "<group>"; };
		85CA59BC1F74253B00434A1E /* Info.plist */ = {isa = PBXFileReference; lastKnownFileType = text.plist.xml; path = Info.plist; sourceTree = "<group>"; };
/* End PBXFileReference section */

/* Begin PBXFrameworksBuildPhase section */
		85CA59AA1F74253B00434A1E /* Frameworks */ = {
			isa = PBXFrameworksBuildPhase;
			buildActionMask = 2147483647;
			files = (
			);
			runOnlyForDeploymentPostprocessing = 0;
		};
/* End PBXFrameworksBuildPhase section */

/* Begin PBXGroup section */
		85CA59A41F74253B00434A1E = {
			isa = PBXGroup;
			children = (
				85CA59AF1F74253B00434A1E /* MAPD714-2017-AMANDEEPSEKHON-ASSIGNMENT1-CALCULATORAPP */,
				85CA59AE1F74253B00434A1E /* Products */,
			);
			sourceTree = "<group>";
		};
		85CA59AE1F74253B00434A1E /* Products */ = {
			isa = PBXGroup;
			children = (
				85CA59AD1F74253B00434A1E /* MAPD714-F2017-AMANDEEPSEKHON-ASSIGNMENT1-CALCULATORAPP.app */,
			);
			name = Products;
			sourceTree = "<group>";
		};
		85CA59AF1F74253B00434A1E /* MAPD714-2017-AMANDEEPSEKHON-ASSIGNMENT1-CALCULATORAPP */ = {
			isa = PBXGroup;
			children = (
				85CA59B01F74253B00434A1E /* AppDelegate.swift */,
				85CA59B21F74253B00434A1E /* ViewController.swift */,
				85CA59B41F74253B00434A1E /* Main.storyboard */,
				85CA59B71F74253B00434A1E /* Assets.xcassets */,
				85CA59B91F74253B00434A1E /* LaunchScreen.storyboard */,
				85CA59BC1F74253B00434A1E /* Info.plist */,
			);
			path = "MAPD714-2017-AMANDEEPSEKHON-ASSIGNMENT1-CALCULATORAPP";
			sourceTree = "<group>";
		};
/* End PBXGroup section */

/* Begin PBXNativeTarget section */
		85CA59AC1F74253B00434A1E /* MAPD714-F2017-AMANDEEPSEKHON-ASSIGNMENT1-CALCULATORAPP */ = {
			isa = PBXNativeTarget;
			buildConfigurationList = 85CA59BF1F74253B00434A1E /* Build configuration list for PBXNativeTarget "MAPD714-F2017-AMANDEEPSEKHON-ASSIGNMENT1-CALCULATORAPP" */;
			buildPhases = (
				85CA59A91F74253B00434A1E /* Sources */,
				85CA59AA1F74253B00434A1E /* Frameworks */,
				85CA59AB1F74253B00434A1E /* Resources */,
			);
			buildRules = (
			);
			dependencies = (
			);
			name = "MAPD714-F2017-AMANDEEPSEKHON-ASSIGNMENT1-CALCULATORAPP";
			productName = "MAPD714-2017-AMANDEEPSEKHON-ASSIGNMENT1-CALCULATORAPP";
			productReference = 85CA59AD1F74253B00434A1E /* MAPD714-F2017-AMANDEEPSEKHON-ASSIGNMENT1-CALCULATORAPP.app */;
			productType = "com.apple.product-type.application";
		};
/* End PBXNativeTarget section */

/* Begin PBXProject section */
		85CA59A51F74253B00434A1E /* Project object */ = {
			isa = PBXProject;
			attributes = {
				LastSwiftUpdateCheck = 0830;
				LastUpgradeCheck = 0830;
				ORGANIZATIONNAME = "Amandeep Sekhon";
				TargetAttributes = {
					85CA59AC1F74253B00434A1E = {
						CreatedOnToolsVersion = 8.3.3;
						DevelopmentTeam = 37FHGR4TST;
						ProvisioningStyle = Automatic;
					};
				};
			};
			buildConfigurationList = 85CA59A81F74253B00434A1E /* Build configuration list for PBXProject "MAPD714-F2017-AMANDEEPSEKHON-ASSIGNMENT1-CALCULATORAPP" */;
			compatibilityVersion = "Xcode 3.2";
			developmentRegion = English;
			hasScannedForEncodings = 0;
			knownRegions = (
				en,
				Base,
			);
			mainGroup = 85CA59A41F74253B00434A1E;
			productRefGroup = 85CA59AE1F74253B00434A1E /* Products */;
			projectDirPath = "";
			projectRoot = "";
			targets = (
				85CA59AC1F74253B00434A1E /* MAPD714-F2017-AMANDEEPSEKHON-ASSIGNMENT1-CALCULATORAPP */,
			);
		};
/* End PBXProject section */

/* Begin PBXResourcesBuildPhase section */
		85CA59AB1F74253B00434A1E /* Resources */ = {
			isa = PBXResourcesBuildPhase;
			buildActionMask = 2147483647;
			files = (
				85CA59BB1F74253B00434A1E /* LaunchScreen.storyboard in Resources */,
				85CA59B81F74253B00434A1E /* Assets.xcassets in Resources */,
				85CA59B61F74253B00434A1E /* Main.storyboard in Resources */,
			);
			runOnlyForDeploymentPostprocessing = 0;
		};
/* End PBXResourcesBuildPhase section */

/* Begin PBXSourcesBuildPhase section */
		85CA59A91F74253B00434A1E /* Sources */ = {
			isa = PBXSourcesBuildPhase;
			buildActionMask = 2147483647;
			files = (
				85CA59B31F74253B00434A1E /* ViewController.swift in Sources */,
				85CA59B11F74253B00434A1E /* AppDelegate.swift in Sources */,
			);
			runOnlyForDeploymentPostprocessing = 0;
		};
/* End PBXSourcesBuildPhase section */

/* Begin PBXVariantGroup section */
		85CA59B41F74253B00434A1E /* Main.storyboard */ = {
			isa = PBXVariantGroup;
			children = (
				85CA59B51F74253B00434A1E /* Base */,
			);
			name = Main.storyboard;
			sourceTree = "<group>";
		};
		85CA59B91F74253B00434A1E /* LaunchScreen.storyboard */ = {
			isa = PBXVariantGroup;
			children = (
				85CA59BA1F74253B00434A1E /* Base */,
			);
			name = LaunchScreen.storyboard;
			sourceTree = "<group>";
		};
/* End PBXVariantGroup section */

/* Begin XCBuildConfiguration section */
		85CA59BD1F74253B00434A1E /* Debug */ = {
			isa = XCBuildConfiguration;
			buildSettings = {
				ALWAYS_SEARCH_USER_PATHS = NO;
				CLANG_ANALYZER_NONNULL = YES;
				CLANG_ANALYZER_NUMBER_OBJECT_CONVERSION = YES_AGGRESSIVE;
				CLANG_CXX_LANGUAGE_STANDARD = "gnu++0x";
				CLANG_CXX_LIBRARY = "libc++";
				CLANG_ENABLE_MODULES = YES;
				CLANG_ENABLE_OBJC_ARC = YES;
				CLANG_WARN_BOOL_CONVERSION = YES;
				CLANG_WARN_CONSTANT_CONVERSION = YES;
				CLANG_WARN_DIRECT_OBJC_ISA_USAGE = YES_ERROR;
				CLANG_WARN_DOCUMENTATION_COMMENTS = YES;
				CLANG_WARN_EMPTY_BODY = YES;
				CLANG_WARN_ENUM_CONVERSION = YES;
				CLANG_WARN_INFINITE_RECURSION = YES;
				CLANG_WARN_INT_CONVERSION = YES;
				CLANG_WARN_OBJC_ROOT_CLASS = YES_ERROR;
				CLANG_WARN_SUSPICIOUS_MOVE = YES;
				CLANG_WARN_UNREACHABLE_CODE = YES;
				CLANG_WARN__DUPLICATE_METHOD_MATCH = YES;
				"CODE_SIGN_IDENTITY[sdk=iphoneos*]" = "iPhone Developer";
				COPY_PHASE_STRIP = NO;
				DEBUG_INFORMATION_FORMAT = dwarf;
				ENABLE_STRICT_OBJC_MSGSEND = YES;
				ENABLE_TESTABILITY = YES;
				GCC_C_LANGUAGE_STANDARD = gnu99;
				GCC_DYNAMIC_NO_PIC = NO;
				GCC_NO_COMMON_BLOCKS = YES;
				GCC_OPTIMIZATION_LEVEL = 0;
				GCC_PREPROCESSOR_DEFINITIONS = (
					"DEBUG=1",
					"$(inherited)",
				);
				GCC_WARN_64_TO_32_BIT_CONVERSION = YES;
				GCC_WARN_ABOUT_RETURN_TYPE = YES_ERROR;
				GCC_WARN_UNDECLARED_SELECTOR = YES;
				GCC_WARN_UNINITIALIZED_AUTOS = YES_AGGRESSIVE;
				GCC_WARN_UNUSED_FUNCTION = YES;
				GCC_WARN_UNUSED_VARIABLE = YES;
				IPHONEOS_DEPLOYMENT_TARGET = 10.3;
				MTL_ENABLE_DEBUG_INFO = YES;
				ONLY_ACTIVE_ARCH = YES;
				SDKROOT = iphoneos;
				SWIFT_ACTIVE_COMPILATION_CONDITIONS = DEBUG;
				SWIFT_OPTIMIZATION_LEVEL = "-Onone";
			};
			name = Debug;
		};
		85CA59BE1F74253B00434A1E /* Release */ = {
			isa = XCBuildConfiguration;
			buildSettings = {
				ALWAYS_SEARCH_USER_PATHS = NO;
				CLANG_ANALYZER_NONNULL = YES;
				CLANG_ANALYZER_NUMBER_OBJECT_CONVERSION = YES_AGGRESSIVE;
				CLANG_CXX_LANGUAGE_STANDARD = "gnu++0x";
				CLANG_CXX_LIBRARY = "libc++";
				CLANG_ENABLE_MODULES = YES;
				CLANG_ENABLE_OBJC_ARC = YES;
				CLANG_WARN_BOOL_CONVERSION = YES;
				CLANG_WARN_CONSTANT_CONVERSION = YES;
				CLANG_WARN_DIRECT_OBJC_ISA_USAGE = YES_ERROR;
				CLANG_WARN_DOCUMENTATION_COMMENTS = YES;
				CLANG_WARN_EMPTY_BODY = YES;
				CLANG_WARN_ENUM_CONVERSION = YES;
				CLANG_WARN_INFINITE_RECURSION = YES;
				CLANG_WARN_INT_CONVERSION = YES;
				CLANG_WARN_OBJC_ROOT_CLASS = YES_ERROR;
				CLANG_WARN_SUSPICIOUS_MOVE = YES;
				CLANG_WARN_UNREACHABLE_CODE = YES;
				CLANG_WARN__DUPLICATE_METHOD_MATCH = YES;
				"CODE_SIGN_IDENTITY[sdk=iphoneos*]" = "iPhone Developer";
				COPY_PHASE_STRIP = NO;
				DEBUG_INFORMATION_FORMAT = "dwarf-with-dsym";
				ENABLE_NS_ASSERTIONS = NO;
				ENABLE_STRICT_OBJC_MSGSEND = YES;
				GCC_C_LANGUAGE_STANDARD = gnu99;
				GCC_NO_COMMON_BLOCKS = YES;
				GCC_WARN_64_TO_32_BIT_CONVERSION = YES;
				GCC_WARN_ABOUT_RETURN_TYPE = YES_ERROR;
				GCC_WARN_UNDECLARED_SELECTOR = YES;
				GCC_WARN_UNINITIALIZED_AUTOS = YES_AGGRESSIVE;
				GCC_WARN_UNUSED_FUNCTION = YES;
				GCC_WARN_UNUSED_VARIABLE = YES;
				IPHONEOS_DEPLOYMENT_TARGET = 10.3;
				MTL_ENABLE_DEBUG_INFO = NO;
				SDKROOT = iphoneos;
				SWIFT_OPTIMIZATION_LEVEL = "-Owholemodule";
				VALIDATE_PRODUCT = YES;
			};
			name = Release;
		};
		85CA59C01F74253B00434A1E /* Debug */ = {
			isa = XCBuildConfiguration;
			buildSettings = {
				ASSETCATALOG_COMPILER_APPICON_NAME = AppIcon;
				DEVELOPMENT_TEAM = 37FHGR4TST;
				INFOPLIST_FILE = "MAPD714-2017-AMANDEEPSEKHON-ASSIGNMENT1-CALCULATORAPP/Info.plist";
				IPHONEOS_DEPLOYMENT_TARGET = 10.3;
				LD_RUNPATH_SEARCH_PATHS = "$(inherited) @executable_path/Frameworks";
				PRODUCT_BUNDLE_IDENTIFIER = "com.amandeep.MAPD714-2017-AMANDEEPSEKHON-ASSIGNMENT1-CALCULATORAPP";
				PRODUCT_NAME = "$(TARGET_NAME)";
				SWIFT_VERSION = 3.0;
			};
			name = Debug;
		};
		85CA59C11F74253B00434A1E /* Release */ = {
			isa = XCBuildConfiguration;
			buildSettings = {
				ASSETCATALOG_COMPILER_APPICON_NAME = AppIcon;
				DEVELOPMENT_TEAM = 37FHGR4TST;
				INFOPLIST_FILE = "MAPD714-2017-AMANDEEPSEKHON-ASSIGNMENT1-CALCULATORAPP/Info.plist";
				IPHONEOS_DEPLOYMENT_TARGET = 10.3;
				LD_RUNPATH_SEARCH_PATHS = "$(inherited) @executable_path/Frameworks";
				PRODUCT_BUNDLE_IDENTIFIER = "com.amandeep.MAPD714-2017-AMANDEEPSEKHON-ASSIGNMENT1-CALCULATORAPP";
				PRODUCT_NAME = "$(TARGET_NAME)";
				SWIFT_VERSION = 3.0;
			};
			name = Release;
		};
/* End XCBuildConfiguration section */

/* Begin XCConfigurationList section */
		85CA59A81F74253B00434A1E /* Build configuration list for PBXProject "MAPD714-F2017-AMANDEEPSEKHON-ASSIGNMENT1-CALCULATORAPP" */ = {
			isa = XCConfigurationList;
			buildConfigurations = (
				85CA59BD1F74253B00434A1E /* Debug */,
				85CA59BE1F74253B00434A1E /* Release */,
			);
			defaultConfigurationIsVisible = 0;
			defaultConfigurationName = Release;
		};
		85CA59BF1F74253B00434A1E /* Build configuration list for PBXNativeTarget "MAPD714-F2017-AMANDEEPSEKHON-ASSIGNMENT1-CALCULATORAPP" */ = {
			isa = XCConfigurationList;
			buildConfigurations = (
				85CA59C01F74253B00434A1E /* Debug */,
				85CA59C11F74253B00434A1E /* Release */,
			);
			defaultConfigurationIsVisible = 0;
		};
/* End XCConfigurationList section */
	};
	rootObject = 85CA59A51F74253B00434A1E /* Project object */;
}
